{
  "name": "view-finder",
  "lockfileVersion": 2,
  "requires": true,
  "packages": {
    "": {
      "dependencies": {
        "@jewarner57/easydate": "^1.1.4"
      }
    },
    "node_modules/@jewarner57/easydate": {
      "version": "1.1.4",
      "resolved": "https://registry.npmjs.org/@jewarner57/easydate/-/easydate-1.1.4.tgz",
      "integrity": "sha512-O7I57msGrGqzqrw5JE6TwT4TVbTSD2NkJ4FlwNXTJ/wor3FXaWA+Vg3Z8kJtU5RqPHElbM05DqkQ6X2UYct5Ng=="
    }
  },
  "dependencies": {
    "@jewarner57/easydate": {
      "version": "1.1.4",
      "resolved": "https://registry.npmjs.org/@jewarner57/easydate/-/easydate-1.1.4.tgz",
      "integrity": "sha512-O7I57msGrGqzqrw5JE6TwT4TVbTSD2NkJ4FlwNXTJ/wor3FXaWA+Vg3Z8kJtU5RqPHElbM05DqkQ6X2UYct5Ng=="
    }
  }
}
